// !$*UTF8*$!
{
	archiveVersion = 1;
	classes = {
	};
	objectVersion = 48;
	objects = {

/* Begin PBXBuildFile section */
		2B70737B20051092007DC32A /* AppDelegate.swift in Sources */ = {isa = PBXBuildFile; fileRef = 2B70737A20051092007DC32A /* AppDelegate.swift */; };
		2B70737D20051092007DC32A /* MapVC.swift in Sources */ = {isa = PBXBuildFile; fileRef = 2B70737C20051092007DC32A /* MapVC.swift */; };
		2B70738020051092007DC32A /* Main.storyboard in Resources */ = {isa = PBXBuildFile; fileRef = 2B70737E20051092007DC32A /* Main.storyboard */; };
		2B70738220051092007DC32A /* Assets.xcassets in Resources */ = {isa = PBXBuildFile; fileRef = 2B70738120051092007DC32A /* Assets.xcassets */; };
		2B70738520051092007DC32A /* LaunchScreen.storyboard in Resources */ = {isa = PBXBuildFile; fileRef = 2B70738320051092007DC32A /* LaunchScreen.storyboard */; };
		2B707391200510EE007DC32A /* Constants.swift in Sources */ = {isa = PBXBuildFile; fileRef = 2B707390200510EE007DC32A /* Constants.swift */; };
		2B70739320053861007DC32A /* DroppablePin.swift in Sources */ = {isa = PBXBuildFile; fileRef = 2B70739220053861007DC32A /* DroppablePin.swift */; };
		2B70739520054D9A007DC32A /* PhotoCell.swift in Sources */ = {isa = PBXBuildFile; fileRef = 2B70739420054D9A007DC32A /* PhotoCell.swift */; };
		3FFBED56583CA0A519DD2F45 /* Pods_pixel_city.framework in Frameworks */ = {isa = PBXBuildFile; fileRef = AD2F4DEBE37BC463A713A526 /* Pods_pixel_city.framework */; };
/* End PBXBuildFile section */

/* Begin PBXFileReference section */
		2B70737720051092007DC32A /* pixel-city.app */ = {isa = PBXFileReference; explicitFileType = wrapper.application; includeInIndex = 0; path = "pixel-city.app"; sourceTree = BUILT_PRODUCTS_DIR; };
		2B70737A20051092007DC32A /* AppDelegate.swift */ = {isa = PBXFileReference; lastKnownFileType = sourcecode.swift; path = AppDelegate.swift; sourceTree = "<group>"; };
		2B70737C20051092007DC32A /* MapVC.swift */ = {isa = PBXFileReference; lastKnownFileType = sourcecode.swift; path = MapVC.swift; sourceTree = "<group>"; };
		2B70737F20051092007DC32A /* Base */ = {isa = PBXFileReference; lastKnownFileType = file.storyboard; name = Base; path = Base.lproj/Main.storyboard; sourceTree = "<group>"; };
		2B70738120051092007DC32A /* Assets.xcassets */ = {isa = PBXFileReference; lastKnownFileType = folder.assetcatalog; path = Assets.xcassets; sourceTree = "<group>"; };
		2B70738420051092007DC32A /* Base */ = {isa = PBXFileReference; lastKnownFileType = file.storyboard; name = Base; path = Base.lproj/LaunchScreen.storyboard; sourceTree = "<group>"; };
		2B70738620051092007DC32A /* Info.plist */ = {isa = PBXFileReference; lastKnownFileType = text.plist.xml; path = Info.plist; sourceTree = "<group>"; };
		2B707390200510EE007DC32A /* Constants.swift */ = {isa = PBXFileReference; lastKnownFileType = sourcecode.swift; path = Constants.swift; sourceTree = "<group>"; };
		2B70739220053861007DC32A /* DroppablePin.swift */ = {isa = PBXFileReference; lastKnownFileType = sourcecode.swift; path = DroppablePin.swift; sourceTree = "<group>"; };
		2B70739420054D9A007DC32A /* PhotoCell.swift */ = {isa = PBXFileReference; lastKnownFileType = sourcecode.swift; path = PhotoCell.swift; sourceTree = "<group>"; };
		46C84B155B45C15471A563E4 /* Pods-pixel-city.release.xcconfig */ = {isa = PBXFileReference; includeInIndex = 1; lastKnownFileType = text.xcconfig; name = "Pods-pixel-city.release.xcconfig"; path = "Pods/Target Support Files/Pods-pixel-city/Pods-pixel-city.release.xcconfig"; sourceTree = "<group>"; };
		5EC61A49EE3D6BF9BAD08C5C /* Pods-pixel-city.debug.xcconfig */ = {isa = PBXFileReference; includeInIndex = 1; lastKnownFileType = text.xcconfig; name = "Pods-pixel-city.debug.xcconfig"; path = "Pods/Target Support Files/Pods-pixel-city/Pods-pixel-city.debug.xcconfig"; sourceTree = "<group>"; };
		AD2F4DEBE37BC463A713A526 /* Pods_pixel_city.framework */ = {isa = PBXFileReference; explicitFileType = wrapper.framework; includeInIndex = 0; path = Pods_pixel_city.framework; sourceTree = BUILT_PRODUCTS_DIR; };
/* End PBXFileReference section */

/* Begin PBXFrameworksBuildPhase section */
		2B70737420051092007DC32A /* Frameworks */ = {
			isa = PBXFrameworksBuildPhase;
			buildActionMask = 2147483647;
			files = (
				3FFBED56583CA0A519DD2F45 /* Pods_pixel_city.framework in Frameworks */,
			);
			runOnlyForDeploymentPostprocessing = 0;
		};
/* End PBXFrameworksBuildPhase section */

/* Begin PBXGroup section */
		2B70736E20051092007DC32A = {
			isa = PBXGroup;
			children = (
				2B70737920051092007DC32A /* pixel-city */,
				2B70737820051092007DC32A /* Products */,
				4931EB7095D03104A508FD1F /* Pods */,
				BE21606CCEEC231D8B04681B /* Frameworks */,
			);
			sourceTree = "<group>";
		};
		2B70737820051092007DC32A /* Products */ = {
			isa = PBXGroup;
			children = (
				2B70737720051092007DC32A /* pixel-city.app */,
			);
			name = Products;
			sourceTree = "<group>";
		};
		2B70737920051092007DC32A /* pixel-city */ = {
			isa = PBXGroup;
			children = (
				2B70738F200510DF007DC32A /* Utilities */,
				2B70738E200510D8007DC32A /* Extensions */,
				2B70738D200510CA007DC32A /* Views */,
				2B70738C200510B5007DC32A /* Controllers */,
				2B70737A20051092007DC32A /* AppDelegate.swift */,
				2B70737E20051092007DC32A /* Main.storyboard */,
				2B70738120051092007DC32A /* Assets.xcassets */,
				2B70738320051092007DC32A /* LaunchScreen.storyboard */,
				2B70738620051092007DC32A /* Info.plist */,
			);
			path = "pixel-city";
			sourceTree = "<group>";
		};
		2B70738C200510B5007DC32A /* Controllers */ = {
			isa = PBXGroup;
			children = (
				2B70737C20051092007DC32A /* MapVC.swift */,
			);
			path = Controllers;
			sourceTree = "<group>";
		};
		2B70738D200510CA007DC32A /* Views */ = {
			isa = PBXGroup;
			children = (
				2B70739220053861007DC32A /* DroppablePin.swift */,
				2B70739420054D9A007DC32A /* PhotoCell.swift */,
			);
			path = Views;
			sourceTree = "<group>";
		};
		2B70738E200510D8007DC32A /* Extensions */ = {
			isa = PBXGroup;
			children = (
			);
			path = Extensions;
			sourceTree = "<group>";
		};
		2B70738F200510DF007DC32A /* Utilities */ = {
			isa = PBXGroup;
			children = (
				2B707390200510EE007DC32A /* Constants.swift */,
			);
			path = Utilities;
			sourceTree = "<group>";
		};
		4931EB7095D03104A508FD1F /* Pods */ = {
			isa = PBXGroup;
			children = (
				5EC61A49EE3D6BF9BAD08C5C /* Pods-pixel-city.debug.xcconfig */,
				46C84B155B45C15471A563E4 /* Pods-pixel-city.release.xcconfig */,
			);
			name = Pods;
			sourceTree = "<group>";
		};
		BE21606CCEEC231D8B04681B /* Frameworks */ = {
			isa = PBXGroup;
			children = (
				AD2F4DEBE37BC463A713A526 /* Pods_pixel_city.framework */,
			);
			name = Frameworks;
			sourceTree = "<group>";
		};
/* End PBXGroup section */

/* Begin PBXNativeTarget section */
		2B70737620051092007DC32A /* pixel-city */ = {
			isa = PBXNativeTarget;
			buildConfigurationList = 2B70738920051092007DC32A /* Build configuration list for PBXNativeTarget "pixel-city" */;
			buildPhases = (
				C16E670E909FC772B9C9AFEB /* [CP] Check Pods Manifest.lock */,
				2B70737320051092007DC32A /* Sources */,
				2B70737420051092007DC32A /* Frameworks */,
				2B70737520051092007DC32A /* Resources */,
				61F63FE6DC6D44BA7F3D96E5 /* [CP] Embed Pods Frameworks */,
				35824CE38A59B181507CA0AB /* [CP] Copy Pods Resources */,
			);
			buildRules = (
			);
			dependencies = (
			);
			name = "pixel-city";
			productName = "pixel-city";
			productReference = 2B70737720051092007DC32A /* pixel-city.app */;
			productType = "com.apple.product-type.application";
		};
/* End PBXNativeTarget section */

/* Begin PBXProject section */
		2B70736F20051092007DC32A /* Project object */ = {
			isa = PBXProject;
			attributes = {
				LastSwiftUpdateCheck = 0920;
				LastUpgradeCheck = 0920;
				ORGANIZATIONNAME = Octavian;
				TargetAttributes = {
					2B70737620051092007DC32A = {
						CreatedOnToolsVersion = 9.2;
						ProvisioningStyle = Automatic;
					};
				};
			};
			buildConfigurationList = 2B70737220051092007DC32A /* Build configuration list for PBXProject "pixel-city" */;
			compatibilityVersion = "Xcode 8.0";
			developmentRegion = en;
			hasScannedForEncodings = 0;
			knownRegions = (
				en,
				Base,
			);
			mainGroup = 2B70736E20051092007DC32A;
			productRefGroup = 2B70737820051092007DC32A /* Products */;
			projectDirPath = "";
			projectRoot = "";
			targets = (
				2B70737620051092007DC32A /* pixel-city */,
			);
		};
/* End PBXProject section */

/* Begin PBXResourcesBuildPhase section */
		2B70737520051092007DC32A /* Resources */ = {
			isa = PBXResourcesBuildPhase;
			buildActionMask = 2147483647;
			files = (
				2B70738520051092007DC32A /* LaunchScreen.storyboard in Resources */,
				2B70738220051092007DC32A /* Assets.xcassets in Resources */,
				2B70738020051092007DC32A /* Main.storyboard in Resources */,
			);
			runOnlyForDeploymentPostprocessing = 0;
		};
/* End PBXResourcesBuildPhase section */

/* Begin PBXShellScriptBuildPhase section */
		35824CE38A59B181507CA0AB /* [CP] Copy Pods Resources */ = {
			isa = PBXShellScriptBuildPhase;
			buildActionMask = 2147483647;
			files = (
			);
			inputPaths = (
			);
			name = "[CP] Copy Pods Resources";
			outputPaths = (
			);
			runOnlyForDeploymentPostprocessing = 0;
			shellPath = /bin/sh;
			shellScript = "\"${SRCROOT}/Pods/Target Support Files/Pods-pixel-city/Pods-pixel-city-resources.sh\"\n";
			showEnvVarsInLog = 0;
		};
		61F63FE6DC6D44BA7F3D96E5 /* [CP] Embed Pods Frameworks */ = {
			isa = PBXShellScriptBuildPhase;
			buildActionMask = 2147483647;
			files = (
			);
			inputPaths = (
				"${SRCROOT}/Pods/Target Support Files/Pods-pixel-city/Pods-pixel-city-frameworks.sh",
				"${BUILT_PRODUCTS_DIR}/Alamofire/Alamofire.framework",
				"${BUILT_PRODUCTS_DIR}/AlamofireImage/AlamofireImage.framework",
			);
			name = "[CP] Embed Pods Frameworks";
			outputPaths = (
				"${TARGET_BUILD_DIR}/${FRAMEWORKS_FOLDER_PATH}/Alamofire.framework",
				"${TARGET_BUILD_DIR}/${FRAMEWORKS_FOLDER_PATH}/AlamofireImage.framework",
			);
			runOnlyForDeploymentPostprocessing = 0;
			shellPath = /bin/sh;
			shellScript = "\"${SRCROOT}/Pods/Target Support Files/Pods-pixel-city/Pods-pixel-city-frameworks.sh\"\n";
			showEnvVarsInLog = 0;
		};
		C16E670E909FC772B9C9AFEB /* [CP] Check Pods Manifest.lock */ = {
			isa = PBXShellScriptBuildPhase;
			buildActionMask = 2147483647;
			files = (
			);
			inputPaths = (
				"${PODS_PODFILE_DIR_PATH}/Podfile.lock",
				"${PODS_ROOT}/Manifest.lock",
			);
			name = "[CP] Check Pods Manifest.lock";
			outputPaths = (
				"$(DERIVED_FILE_DIR)/Pods-pixel-city-checkManifestLockResult.txt",
			);
			runOnlyForDeploymentPostprocessing = 0;
			shellPath = /bin/sh;
			shellScript = "diff \"${PODS_PODFILE_DIR_PATH}/Podfile.lock\" \"${PODS_ROOT}/Manifest.lock\" > /dev/null\nif [ $? != 0 ] ; then\n    # print error to STDERR\n    echo \"error: The sandbox is not in sync with the Podfile.lock. Run 'pod install' or update your CocoaPods installation.\" >&2\n    exit 1\nfi\n# This output is used by Xcode 'outputs' to avoid re-running this script phase.\necho \"SUCCESS\" > \"${SCRIPT_OUTPUT_FILE_0}\"\n";
			showEnvVarsInLog = 0;
		};
/* End PBXShellScriptBuildPhase section */

/* Begin PBXSourcesBuildPhase section */
		2B70737320051092007DC32A /* Sources */ = {
			isa = PBXSourcesBuildPhase;
			buildActionMask = 2147483647;
			files = (
				2B70737D20051092007DC32A /* MapVC.swift in Sources */,
				2B70739520054D9A007DC32A /* PhotoCell.swift in Sources */,
				2B70739320053861007DC32A /* DroppablePin.swift in Sources */,
				2B70737B20051092007DC32A /* AppDelegate.swift in Sources */,
				2B707391200510EE007DC32A /* Constants.swift in Sources */,
			);
			runOnlyForDeploymentPostprocessing = 0;
		};
/* End PBXSourcesBuildPhase section */

/* Begin PBXVariantGroup section */
		2B70737E20051092007DC32A /* Main.storyboard */ = {
			isa = PBXVariantGroup;
			children = (
				2B70737F20051092007DC32A /* Base */,
			);
			name = Main.storyboard;
			sourceTree = "<group>";
		};
		2B70738320051092007DC32A /* LaunchScreen.storyboard */ = {
			isa = PBXVariantGroup;
			children = (
				2B70738420051092007DC32A /* Base */,
			);
			name = LaunchScreen.storyboard;
			sourceTree = "<group>";
		};
/* End PBXVariantGroup section */

/* Begin XCBuildConfiguration section */
		2B70738720051092007DC32A /* Debug */ = {
			isa = XCBuildConfiguration;
			buildSettings = {
				ALWAYS_SEARCH_USER_PATHS = NO;
				CLANG_ANALYZER_NONNULL = YES;
				CLANG_ANALYZER_NUMBER_OBJECT_CONVERSION = YES_AGGRESSIVE;
				CLANG_CXX_LANGUAGE_STANDARD = "gnu++14";
				CLANG_CXX_LIBRARY = "libc++";
				CLANG_ENABLE_MODULES = YES;
				CLANG_ENABLE_OBJC_ARC = YES;
				CLANG_WARN_BLOCK_CAPTURE_AUTORELEASING = YES;
				CLANG_WARN_BOOL_CONVERSION = YES;
				CLANG_WARN_COMMA = YES;
				CLANG_WARN_CONSTANT_CONVERSION = YES;
				CLANG_WARN_DIRECT_OBJC_ISA_USAGE = YES_ERROR;
				CLANG_WARN_DOCUMENTATION_COMMENTS = YES;
				CLANG_WARN_EMPTY_BODY = YES;
				CLANG_WARN_ENUM_CONVERSION = YES;
				CLANG_WARN_INFINITE_RECURSION = YES;
				CLANG_WARN_INT_CONVERSION = YES;
				CLANG_WARN_NON_LITERAL_NULL_CONVERSION = YES;
				CLANG_WARN_OBJC_LITERAL_CONVERSION = YES;
				CLANG_WARN_OBJC_ROOT_CLASS = YES_ERROR;
				CLANG_WARN_RANGE_LOOP_ANALYSIS = YES;
				CLANG_WARN_STRICT_PROTOTYPES = YES;
				CLANG_WARN_SUSPICIOUS_MOVE = YES;
				CLANG_WARN_UNGUARDED_AVAILABILITY = YES_AGGRESSIVE;
				CLANG_WARN_UNREACHABLE_CODE = YES;
				CLANG_WARN__DUPLICATE_METHOD_MATCH = YES;
				CODE_SIGN_IDENTITY = "iPhone Developer";
				COPY_PHASE_STRIP = NO;
				DEBUG_INFORMATION_FORMAT = dwarf;
				ENABLE_STRICT_OBJC_MSGSEND = YES;
				ENABLE_TESTABILITY = YES;
				GCC_C_LANGUAGE_STANDARD = gnu11;
				GCC_DYNAMIC_NO_PIC = NO;
				GCC_NO_COMMON_BLOCKS = YES;
				GCC_OPTIMIZATION_LEVEL = 0;
				GCC_PREPROCESSOR_DEFINITIONS = (
					"DEBUG=1",
					"$(inherited)",
				);
				GCC_WARN_64_TO_32_BIT_CONVERSION = YES;
				GCC_WARN_ABOUT_RETURN_TYPE = YES_ERROR;
				GCC_WARN_UNDECLARED_SELECTOR = YES;
				GCC_WARN_UNINITIALIZED_AUTOS = YES_AGGRESSIVE;
				GCC_WARN_UNUSED_FUNCTION = YES;
				GCC_WARN_UNUSED_VARIABLE = YES;
				IPHONEOS_DEPLOYMENT_TARGET = 11.2;
				MTL_ENABLE_DEBUG_INFO = YES;
				ONLY_ACTIVE_ARCH = YES;
				SDKROOT = iphoneos;
				SWIFT_ACTIVE_COMPILATION_CONDITIONS = DEBUG;
				SWIFT_OPTIMIZATION_LEVEL = "-Onone";
			};
			name = Debug;
		};
		2B70738820051092007DC32A /* Release */ = {
			isa = XCBuildConfiguration;
			buildSettings = {
				ALWAYS_SEARCH_USER_PATHS = NO;
				CLANG_ANALYZER_NONNULL = YES;
				CLANG_ANALYZER_NUMBER_OBJECT_CONVERSION = YES_AGGRESSIVE;
				CLANG_CXX_LANGUAGE_STANDARD = "gnu++14";
				CLANG_CXX_LIBRARY = "libc++";
				CLANG_ENABLE_MODULES = YES;
				CLANG_ENABLE_OBJC_ARC = YES;
				CLANG_WARN_BLOCK_CAPTURE_AUTORELEASING = YES;
				CLANG_WARN_BOOL_CONVERSION = YES;
				CLANG_WARN_COMMA = YES;
				CLANG_WARN_CONSTANT_CONVERSION = YES;
				CLANG_WARN_DIRECT_OBJC_ISA_USAGE = YES_ERROR;
				CLANG_WARN_DOCUMENTATION_COMMENTS = YES;
				CLANG_WARN_EMPTY_BODY = YES;
				CLANG_WARN_ENUM_CONVERSION = YES;
				CLANG_WARN_INFINITE_RECURSION = YES;
				CLANG_WARN_INT_CONVERSION = YES;
				CLANG_WARN_NON_LITERAL_NULL_CONVERSION = YES;
				CLANG_WARN_OBJC_LITERAL_CONVERSION = YES;
				CLANG_WARN_OBJC_ROOT_CLASS = YES_ERROR;
				CLANG_WARN_RANGE_LOOP_ANALYSIS = YES;
				CLANG_WARN_STRICT_PROTOTYPES = YES;
				CLANG_WARN_SUSPICIOUS_MOVE = YES;
				CLANG_WARN_UNGUARDED_AVAILABILITY = YES_AGGRESSIVE;
				CLANG_WARN_UNREACHABLE_CODE = YES;
				CLANG_WARN__DUPLICATE_METHOD_MATCH = YES;
				CODE_SIGN_IDENTITY = "iPhone Developer";
				COPY_PHASE_STRIP = NO;
				DEBUG_INFORMATION_FORMAT = "dwarf-with-dsym";
				ENABLE_NS_ASSERTIONS = NO;
				ENABLE_STRICT_OBJC_MSGSEND = YES;
				GCC_C_LANGUAGE_STANDARD = gnu11;
				GCC_NO_COMMON_BLOCKS = YES;
				GCC_WARN_64_TO_32_BIT_CONVERSION = YES;
				GCC_WARN_ABOUT_RETURN_TYPE = YES_ERROR;
				GCC_WARN_UNDECLARED_SELECTOR = YES;
				GCC_WARN_UNINITIALIZED_AUTOS = YES_AGGRESSIVE;
				GCC_WARN_UNUSED_FUNCTION = YES;
				GCC_WARN_UNUSED_VARIABLE = YES;
				IPHONEOS_DEPLOYMENT_TARGET = 11.2;
				MTL_ENABLE_DEBUG_INFO = NO;
				SDKROOT = iphoneos;
				SWIFT_OPTIMIZATION_LEVEL = "-Owholemodule";
				VALIDATE_PRODUCT = YES;
			};
			name = Release;
		};
		2B70738A20051092007DC32A /* Debug */ = {
			isa = XCBuildConfiguration;
			baseConfigurationReference = 5EC61A49EE3D6BF9BAD08C5C /* Pods-pixel-city.debug.xcconfig */;
			buildSettings = {
				ASSETCATALOG_COMPILER_APPICON_NAME = AppIcon;
				CODE_SIGN_STYLE = Automatic;
				DEVELOPMENT_TEAM = PX5AU8YC45;
				INFOPLIST_FILE = "pixel-city/Info.plist";
				LD_RUNPATH_SEARCH_PATHS = "$(inherited) @executable_path/Frameworks";
				PRODUCT_BUNDLE_IDENTIFIER = "com.octavian.pixel-city";
				PRODUCT_NAME = "$(TARGET_NAME)";
				SWIFT_VERSION = 4.0;
				TARGETED_DEVICE_FAMILY = "1,2";
			};
			name = Debug;
		};
		2B70738B20051092007DC32A /* Release */ = {
			isa = XCBuildConfiguration;
			baseConfigurationReference = 46C84B155B45C15471A563E4 /* Pods-pixel-city.release.xcconfig */;
			buildSettings = {
				ASSETCATALOG_COMPILER_APPICON_NAME = AppIcon;
				CODE_SIGN_STYLE = Automatic;
				DEVELOPMENT_TEAM = PX5AU8YC45;
				INFOPLIST_FILE = "pixel-city/Info.plist";
				LD_RUNPATH_SEARCH_PATHS = "$(inherited) @executable_path/Frameworks";
				PRODUCT_BUNDLE_IDENTIFIER = "com.octavian.pixel-city";
				PRODUCT_NAME = "$(TARGET_NAME)";
				SWIFT_VERSION = 4.0;
				TARGETED_DEVICE_FAMILY = "1,2";
			};
			name = Release;
		};
/* End XCBuildConfiguration section */

/* Begin XCConfigurationList section */
		2B70737220051092007DC32A /* Build configuration list for PBXProject "pixel-city" */ = {
			isa = XCConfigurationList;
			buildConfigurations = (
				2B70738720051092007DC32A /* Debug */,
				2B70738820051092007DC32A /* Release */,
			);
			defaultConfigurationIsVisible = 0;
			defaultConfigurationName = Release;
		};
		2B70738920051092007DC32A /* Build configuration list for PBXNativeTarget "pixel-city" */ = {
			isa = XCConfigurationList;
			buildConfigurations = (
				2B70738A20051092007DC32A /* Debug */,
				2B70738B20051092007DC32A /* Release */,
			);
			defaultConfigurationIsVisible = 0;
			defaultConfigurationName = Release;
		};
/* End XCConfigurationList section */
	};
	rootObject = 2B70736F20051092007DC32A /* Project object */;
}
